// !$*UTF8*$!
{
	archiveVersion = 1;
	classes = {
	};
	objectVersion = 46;
	objects = {

/* Begin PBXBuildFile section */
		1C2661B21854E98F001F982E /* Foundation.framework in Frameworks */ = {isa = PBXBuildFile; fileRef = 1C2661B11854E98F001F982E /* Foundation.framework */; };
		1C2661B41854E98F001F982E /* CoreGraphics.framework in Frameworks */ = {isa = PBXBuildFile; fileRef = 1C2661B31854E98F001F982E /* CoreGraphics.framework */; };
		1C2661B61854E98F001F982E /* UIKit.framework in Frameworks */ = {isa = PBXBuildFile; fileRef = 1C2661B51854E98F001F982E /* UIKit.framework */; };
		1C2661B81854E98F001F982E /* CoreData.framework in Frameworks */ = {isa = PBXBuildFile; fileRef = 1C2661B71854E98F001F982E /* CoreData.framework */; };
		1C2661BE1854E98F001F982E /* InfoPlist.strings in Resources */ = {isa = PBXBuildFile; fileRef = 1C2661BC1854E98F001F982E /* InfoPlist.strings */; };
		1C2661C01854E98F001F982E /* main.m in Sources */ = {isa = PBXBuildFile; fileRef = 1C2661BF1854E98F001F982E /* main.m */; };
		1C2661C41854E98F001F982E /* AppDelegate.m in Sources */ = {isa = PBXBuildFile; fileRef = 1C2661C31854E98F001F982E /* AppDelegate.m */; };
		1C2661C71854E98F001F982E /* My_Vocabularies.xcdatamodeld in Sources */ = {isa = PBXBuildFile; fileRef = 1C2661C51854E98F001F982E /* My_Vocabularies.xcdatamodeld */; };
		1C2661C91854E98F001F982E /* Images.xcassets in Resources */ = {isa = PBXBuildFile; fileRef = 1C2661C81854E98F001F982E /* Images.xcassets */; };
		1C2661D01854E98F001F982E /* XCTest.framework in Frameworks */ = {isa = PBXBuildFile; fileRef = 1C2661CF1854E98F001F982E /* XCTest.framework */; };
		1C2661D11854E98F001F982E /* Foundation.framework in Frameworks */ = {isa = PBXBuildFile; fileRef = 1C2661B11854E98F001F982E /* Foundation.framework */; };
		1C2661D21854E98F001F982E /* UIKit.framework in Frameworks */ = {isa = PBXBuildFile; fileRef = 1C2661B51854E98F001F982E /* UIKit.framework */; };
		1C2661D31854E98F001F982E /* CoreData.framework in Frameworks */ = {isa = PBXBuildFile; fileRef = 1C2661B71854E98F001F982E /* CoreData.framework */; };
		1C2661DB1854E98F001F982E /* InfoPlist.strings in Resources */ = {isa = PBXBuildFile; fileRef = 1C2661D91854E98F001F982E /* InfoPlist.strings */; };
		1C2661DD1854E98F001F982E /* My_VocabulariesTests.m in Sources */ = {isa = PBXBuildFile; fileRef = 1C2661DC1854E98F001F982E /* My_VocabulariesTests.m */; };
		1C2661E71854E9AC001F982E /* README.md in Resources */ = {isa = PBXBuildFile; fileRef = 1C2661E61854E9AC001F982E /* README.md */; };
		1C2661EA1854EC22001F982E /* Word.m in Sources */ = {isa = PBXBuildFile; fileRef = 1C2661E91854EC22001F982E /* Word.m */; };
		1C2661ED1854EC22001F982E /* Vocabulary.m in Sources */ = {isa = PBXBuildFile; fileRef = 1C2661EC1854EC22001F982E /* Vocabulary.m */; };
/* End PBXBuildFile section */

/* Begin PBXContainerItemProxy section */
		1C2661D41854E98F001F982E /* PBXContainerItemProxy */ = {
			isa = PBXContainerItemProxy;
			containerPortal = 1C2661A61854E98F001F982E /* Project object */;
			proxyType = 1;
			remoteGlobalIDString = 1C2661AD1854E98F001F982E;
			remoteInfo = "My Vocabularies";
		};
/* End PBXContainerItemProxy section */

/* Begin PBXFileReference section */
		1C2661AE1854E98F001F982E /* My Vocabularies.app */ = {isa = PBXFileReference; explicitFileType = wrapper.application; includeInIndex = 0; path = "My Vocabularies.app"; sourceTree = BUILT_PRODUCTS_DIR; };
		1C2661B11854E98F001F982E /* Foundation.framework */ = {isa = PBXFileReference; lastKnownFileType = wrapper.framework; name = Foundation.framework; path = System/Library/Frameworks/Foundation.framework; sourceTree = SDKROOT; };
		1C2661B31854E98F001F982E /* CoreGraphics.framework */ = {isa = PBXFileReference; lastKnownFileType = wrapper.framework; name = CoreGraphics.framework; path = System/Library/Frameworks/CoreGraphics.framework; sourceTree = SDKROOT; };
		1C2661B51854E98F001F982E /* UIKit.framework */ = {isa = PBXFileReference; lastKnownFileType = wrapper.framework; name = UIKit.framework; path = System/Library/Frameworks/UIKit.framework; sourceTree = SDKROOT; };
		1C2661B71854E98F001F982E /* CoreData.framework */ = {isa = PBXFileReference; lastKnownFileType = wrapper.framework; name = CoreData.framework; path = System/Library/Frameworks/CoreData.framework; sourceTree = SDKROOT; };
		1C2661BB1854E98F001F982E /* My Vocabularies-Info.plist */ = {isa = PBXFileReference; lastKnownFileType = text.plist.xml; path = "My Vocabularies-Info.plist"; sourceTree = "<group>"; };
		1C2661BD1854E98F001F982E /* en */ = {isa = PBXFileReference; lastKnownFileType = text.plist.strings; name = en; path = en.lproj/InfoPlist.strings; sourceTree = "<group>"; };
		1C2661BF1854E98F001F982E /* main.m */ = {isa = PBXFileReference; lastKnownFileType = sourcecode.c.objc; path = main.m; sourceTree = "<group>"; };
		1C2661C11854E98F001F982E /* My Vocabularies-Prefix.pch */ = {isa = PBXFileReference; lastKnownFileType = sourcecode.c.h; path = "My Vocabularies-Prefix.pch"; sourceTree = "<group>"; };
		1C2661C21854E98F001F982E /* AppDelegate.h */ = {isa = PBXFileReference; lastKnownFileType = sourcecode.c.h; path = AppDelegate.h; sourceTree = "<group>"; };
		1C2661C31854E98F001F982E /* AppDelegate.m */ = {isa = PBXFileReference; lastKnownFileType = sourcecode.c.objc; path = AppDelegate.m; sourceTree = "<group>"; };
		1C2661C61854E98F001F982E /* My_Vocabularies.xcdatamodel */ = {isa = PBXFileReference; lastKnownFileType = wrapper.xcdatamodel; path = My_Vocabularies.xcdatamodel; sourceTree = "<group>"; };
		1C2661C81854E98F001F982E /* Images.xcassets */ = {isa = PBXFileReference; lastKnownFileType = folder.assetcatalog; path = Images.xcassets; sourceTree = "<group>"; };
		1C2661CE1854E98F001F982E /* My VocabulariesTests.xctest */ = {isa = PBXFileReference; explicitFileType = wrapper.cfbundle; includeInIndex = 0; path = "My VocabulariesTests.xctest"; sourceTree = BUILT_PRODUCTS_DIR; };
		1C2661CF1854E98F001F982E /* XCTest.framework */ = {isa = PBXFileReference; lastKnownFileType = wrapper.framework; name = XCTest.framework; path = Library/Frameworks/XCTest.framework; sourceTree = DEVELOPER_DIR; };
		1C2661D81854E98F001F982E /* My VocabulariesTests-Info.plist */ = {isa = PBXFileReference; lastKnownFileType = text.plist.xml; path = "My VocabulariesTests-Info.plist"; sourceTree = "<group>"; };
		1C2661DA1854E98F001F982E /* en */ = {isa = PBXFileReference; lastKnownFileType = text.plist.strings; name = en; path = en.lproj/InfoPlist.strings; sourceTree = "<group>"; };
		1C2661DC1854E98F001F982E /* My_VocabulariesTests.m */ = {isa = PBXFileReference; lastKnownFileType = sourcecode.c.objc; path = My_VocabulariesTests.m; sourceTree = "<group>"; };
		1C2661E61854E9AC001F982E /* README.md */ = {isa = PBXFileReference; fileEncoding = 4; lastKnownFileType = text; path = README.md; sourceTree = "<group>"; };
		1C2661E81854EC22001F982E /* Word.h */ = {isa = PBXFileReference; fileEncoding = 4; lastKnownFileType = sourcecode.c.h; path = Word.h; sourceTree = "<group>"; };
		1C2661E91854EC22001F982E /* Word.m */ = {isa = PBXFileReference; fileEncoding = 4; lastKnownFileType = sourcecode.c.objc; path = Word.m; sourceTree = "<group>"; };
		1C2661EB1854EC22001F982E /* Vocabulary.h */ = {isa = PBXFileReference; fileEncoding = 4; lastKnownFileType = sourcecode.c.h; path = Vocabulary.h; sourceTree = "<group>"; };
		1C2661EC1854EC22001F982E /* Vocabulary.m */ = {isa = PBXFileReference; fileEncoding = 4; lastKnownFileType = sourcecode.c.objc; path = Vocabulary.m; sourceTree = "<group>"; };
/* End PBXFileReference section */

/* Begin PBXFrameworksBuildPhase section */
		1C2661AB1854E98F001F982E /* Frameworks */ = {
			isa = PBXFrameworksBuildPhase;
			buildActionMask = 2147483647;
			files = (
				1C2661B41854E98F001F982E /* CoreGraphics.framework in Frameworks */,
				1C2661B81854E98F001F982E /* CoreData.framework in Frameworks */,
				1C2661B61854E98F001F982E /* UIKit.framework in Frameworks */,
				1C2661B21854E98F001F982E /* Foundation.framework in Frameworks */,
			);
			runOnlyForDeploymentPostprocessing = 0;
		};
		1C2661CB1854E98F001F982E /* Frameworks */ = {
			isa = PBXFrameworksBuildPhase;
			buildActionMask = 2147483647;
			files = (
				1C2661D01854E98F001F982E /* XCTest.framework in Frameworks */,
				1C2661D31854E98F001F982E /* CoreData.framework in Frameworks */,
				1C2661D21854E98F001F982E /* UIKit.framework in Frameworks */,
				1C2661D11854E98F001F982E /* Foundation.framework in Frameworks */,
			);
			runOnlyForDeploymentPostprocessing = 0;
		};
/* End PBXFrameworksBuildPhase section */

/* Begin PBXGroup section */
		1C2661A51854E98F001F982E = {
			isa = PBXGroup;
			children = (
				1C2661E61854E9AC001F982E /* README.md */,
				1C2661B91854E98F001F982E /* My Vocabularies */,
				1C2661D61854E98F001F982E /* My VocabulariesTests */,
				1C2661B01854E98F001F982E /* Frameworks */,
				1C2661AF1854E98F001F982E /* Products */,
			);
			sourceTree = "<group>";
		};
		1C2661AF1854E98F001F982E /* Products */ = {
			isa = PBXGroup;
			children = (
				1C2661AE1854E98F001F982E /* My Vocabularies.app */,
				1C2661CE1854E98F001F982E /* My VocabulariesTests.xctest */,
			);
			name = Products;
			sourceTree = "<group>";
		};
		1C2661B01854E98F001F982E /* Frameworks */ = {
			isa = PBXGroup;
			children = (
				1C2661B11854E98F001F982E /* Foundation.framework */,
				1C2661B31854E98F001F982E /* CoreGraphics.framework */,
				1C2661B51854E98F001F982E /* UIKit.framework */,
				1C2661B71854E98F001F982E /* CoreData.framework */,
				1C2661CF1854E98F001F982E /* XCTest.framework */,
			);
			name = Frameworks;
			sourceTree = "<group>";
		};
		1C2661B91854E98F001F982E /* My Vocabularies */ = {
			isa = PBXGroup;
			children = (
				1C2661C21854E98F001F982E /* AppDelegate.h */,
				1C2661C31854E98F001F982E /* AppDelegate.m */,
				1C2661C81854E98F001F982E /* Images.xcassets */,
				1C2661EE1854EC27001F982E /* = Models */,
				1C2661BA1854E98F001F982E /* Supporting Files */,
			);
			path = "My Vocabularies";
			sourceTree = "<group>";
		};
		1C2661BA1854E98F001F982E /* Supporting Files */ = {
			isa = PBXGroup;
			children = (
				1C2661BB1854E98F001F982E /* My Vocabularies-Info.plist */,
				1C2661BC1854E98F001F982E /* InfoPlist.strings */,
				1C2661BF1854E98F001F982E /* main.m */,
				1C2661C11854E98F001F982E /* My Vocabularies-Prefix.pch */,
			);
			name = "Supporting Files";
			sourceTree = "<group>";
		};
		1C2661D61854E98F001F982E /* My VocabulariesTests */ = {
			isa = PBXGroup;
			children = (
				1C2661DC1854E98F001F982E /* My_VocabulariesTests.m */,
				1C2661D71854E98F001F982E /* Supporting Files */,
			);
			path = "My VocabulariesTests";
			sourceTree = "<group>";
		};
		1C2661D71854E98F001F982E /* Supporting Files */ = {
			isa = PBXGroup;
			children = (
				1C2661D81854E98F001F982E /* My VocabulariesTests-Info.plist */,
				1C2661D91854E98F001F982E /* InfoPlist.strings */,
			);
			name = "Supporting Files";
			sourceTree = "<group>";
		};
		1C2661EE1854EC27001F982E /* = Models */ = {
			isa = PBXGroup;
			children = (
				1C2661C51854E98F001F982E /* My_Vocabularies.xcdatamodeld */,
				1C2661EB1854EC22001F982E /* Vocabulary.h */,
				1C2661EC1854EC22001F982E /* Vocabulary.m */,
				1C2661E81854EC22001F982E /* Word.h */,
				1C2661E91854EC22001F982E /* Word.m */,
			);
			name = "= Models";
			sourceTree = "<group>";
		};
/* End PBXGroup section */

/* Begin PBXNativeTarget section */
		1C2661AD1854E98F001F982E /* My Vocabularies */ = {
			isa = PBXNativeTarget;
			buildConfigurationList = 1C2661E01854E98F001F982E /* Build configuration list for PBXNativeTarget "My Vocabularies" */;
			buildPhases = (
				1C2661AA1854E98F001F982E /* Sources */,
				1C2661AB1854E98F001F982E /* Frameworks */,
				1C2661AC1854E98F001F982E /* Resources */,
			);
			buildRules = (
			);
			dependencies = (
			);
			name = "My Vocabularies";
			productName = "My Vocabularies";
			productReference = 1C2661AE1854E98F001F982E /* My Vocabularies.app */;
			productType = "com.apple.product-type.application";
		};
		1C2661CD1854E98F001F982E /* My VocabulariesTests */ = {
			isa = PBXNativeTarget;
			buildConfigurationList = 1C2661E31854E98F001F982E /* Build configuration list for PBXNativeTarget "My VocabulariesTests" */;
			buildPhases = (
				1C2661CA1854E98F001F982E /* Sources */,
				1C2661CB1854E98F001F982E /* Frameworks */,
				1C2661CC1854E98F001F982E /* Resources */,
			);
			buildRules = (
			);
			dependencies = (
				1C2661D51854E98F001F982E /* PBXTargetDependency */,
			);
			name = "My VocabulariesTests";
			productName = "My VocabulariesTests";
			productReference = 1C2661CE1854E98F001F982E /* My VocabulariesTests.xctest */;
			productType = "com.apple.product-type.bundle.unit-test";
		};
/* End PBXNativeTarget section */

/* Begin PBXProject section */
		1C2661A61854E98F001F982E /* Project object */ = {
			isa = PBXProject;
			attributes = {
				LastUpgradeCheck = 0500;
				ORGANIZATIONNAME = "Romy Ilano";
				TargetAttributes = {
					1C2661CD1854E98F001F982E = {
						TestTargetID = 1C2661AD1854E98F001F982E;
					};
				};
			};
			buildConfigurationList = 1C2661A91854E98F001F982E /* Build configuration list for PBXProject "My Vocabularies" */;
			compatibilityVersion = "Xcode 3.2";
			developmentRegion = English;
			hasScannedForEncodings = 0;
			knownRegions = (
				en,
			);
			mainGroup = 1C2661A51854E98F001F982E;
			productRefGroup = 1C2661AF1854E98F001F982E /* Products */;
			projectDirPath = "";
			projectRoot = "";
			targets = (
				1C2661AD1854E98F001F982E /* My Vocabularies */,
				1C2661CD1854E98F001F982E /* My VocabulariesTests */,
			);
		};
/* End PBXProject section */

/* Begin PBXResourcesBuildPhase section */
		1C2661AC1854E98F001F982E /* Resources */ = {
			isa = PBXResourcesBuildPhase;
			buildActionMask = 2147483647;
			files = (
				1C2661E71854E9AC001F982E /* README.md in Resources */,
				1C2661BE1854E98F001F982E /* InfoPlist.strings in Resources */,
				1C2661C91854E98F001F982E /* Images.xcassets in Resources */,
			);
			runOnlyForDeploymentPostprocessing = 0;
		};
		1C2661CC1854E98F001F982E /* Resources */ = {
			isa = PBXResourcesBuildPhase;
			buildActionMask = 2147483647;
			files = (
				1C2661DB1854E98F001F982E /* InfoPlist.strings in Resources */,
			);
			runOnlyForDeploymentPostprocessing = 0;
		};
/* End PBXResourcesBuildPhase section */

/* Begin PBXSourcesBuildPhase section */
		1C2661AA1854E98F001F982E /* Sources */ = {
			isa = PBXSourcesBuildPhase;
			buildActionMask = 2147483647;
			files = (
				1C2661C41854E98F001F982E /* AppDelegate.m in Sources */,
				1C2661EA1854EC22001F982E /* Word.m in Sources */,
				1C2661C01854E98F001F982E /* main.m in Sources */,
				1C2661ED1854EC22001F982E /* Vocabulary.m in Sources */,
				1C2661C71854E98F001F982E /* My_Vocabularies.xcdatamodeld in Sources */,
			);
			runOnlyForDeploymentPostprocessing = 0;
		};
		1C2661CA1854E98F001F982E /* Sources */ = {
			isa = PBXSourcesBuildPhase;
			buildActionMask = 2147483647;
			files = (
				1C2661DD1854E98F001F982E /* My_VocabulariesTests.m in Sources */,
			);
			runOnlyForDeploymentPostprocessing = 0;
		};
/* End PBXSourcesBuildPhase section */

/* Begin PBXTargetDependency section */
		1C2661D51854E98F001F982E /* PBXTargetDependency */ = {
			isa = PBXTargetDependency;
			target = 1C2661AD1854E98F001F982E /* My Vocabularies */;
			targetProxy = 1C2661D41854E98F001F982E /* PBXContainerItemProxy */;
		};
/* End PBXTargetDependency section */

/* Begin PBXVariantGroup section */
		1C2661BC1854E98F001F982E /* InfoPlist.strings */ = {
			isa = PBXVariantGroup;
			children = (
				1C2661BD1854E98F001F982E /* en */,
			);
			name = InfoPlist.strings;
			sourceTree = "<group>";
		};
		1C2661D91854E98F001F982E /* InfoPlist.strings */ = {
			isa = PBXVariantGroup;
			children = (
				1C2661DA1854E98F001F982E /* en */,
			);
			name = InfoPlist.strings;
			sourceTree = "<group>";
		};
/* End PBXVariantGroup section */

/* Begin XCBuildConfiguration section */
		1C2661DE1854E98F001F982E /* Debug */ = {
			isa = XCBuildConfiguration;
			buildSettings = {
				ALWAYS_SEARCH_USER_PATHS = NO;
				ARCHS = "$(ARCHS_STANDARD_INCLUDING_64_BIT)";
				CLANG_CXX_LANGUAGE_STANDARD = "gnu++0x";
				CLANG_CXX_LIBRARY = "libc++";
				CLANG_ENABLE_MODULES = YES;
				CLANG_ENABLE_OBJC_ARC = YES;
				CLANG_WARN_BOOL_CONVERSION = YES;
				CLANG_WARN_CONSTANT_CONVERSION = YES;
				CLANG_WARN_DIRECT_OBJC_ISA_USAGE = YES_ERROR;
				CLANG_WARN_EMPTY_BODY = YES;
				CLANG_WARN_ENUM_CONVERSION = YES;
				CLANG_WARN_INT_CONVERSION = YES;
				CLANG_WARN_OBJC_ROOT_CLASS = YES_ERROR;
				CLANG_WARN__DUPLICATE_METHOD_MATCH = YES;
				"CODE_SIGN_IDENTITY[sdk=iphoneos*]" = "iPhone Developer";
				COPY_PHASE_STRIP = NO;
				GCC_C_LANGUAGE_STANDARD = gnu99;
				GCC_DYNAMIC_NO_PIC = NO;
				GCC_OPTIMIZATION_LEVEL = 0;
				GCC_PREPROCESSOR_DEFINITIONS = (
					"DEBUG=1",
					"$(inherited)",
				);
				GCC_SYMBOLS_PRIVATE_EXTERN = NO;
				GCC_WARN_64_TO_32_BIT_CONVERSION = YES;
				GCC_WARN_ABOUT_RETURN_TYPE = YES_ERROR;
				GCC_WARN_UNDECLARED_SELECTOR = YES;
				GCC_WARN_UNINITIALIZED_AUTOS = YES;
				GCC_WARN_UNUSED_FUNCTION = YES;
				GCC_WARN_UNUSED_VARIABLE = YES;
				IPHONEOS_DEPLOYMENT_TARGET = 7.0;
				ONLY_ACTIVE_ARCH = YES;
				SDKROOT = iphoneos;
			};
			name = Debug;
		};
		1C2661DF1854E98F001F982E /* Release */ = {
			isa = XCBuildConfiguration;
			buildSettings = {
				ALWAYS_SEARCH_USER_PATHS = NO;
				ARCHS = "$(ARCHS_STANDARD_INCLUDING_64_BIT)";
				CLANG_CXX_LANGUAGE_STANDARD = "gnu++0x";
				CLANG_CXX_LIBRARY = "libc++";
				CLANG_ENABLE_MODULES = YES;
				CLANG_ENABLE_OBJC_ARC = YES;
				CLANG_WARN_BOOL_CONVERSION = YES;
				CLANG_WARN_CONSTANT_CONVERSION = YES;
				CLANG_WARN_DIRECT_OBJC_ISA_USAGE = YES_ERROR;
				CLANG_WARN_EMPTY_BODY = YES;
				CLANG_WARN_ENUM_CONVERSION = YES;
				CLANG_WARN_INT_CONVERSION = YES;
				CLANG_WARN_OBJC_ROOT_CLASS = YES_ERROR;
				CLANG_WARN__DUPLICATE_METHOD_MATCH = YES;
				"CODE_SIGN_IDENTITY[sdk=iphoneos*]" = "iPhone Developer";
				COPY_PHASE_STRIP = YES;
				ENABLE_NS_ASSERTIONS = NO;
				GCC_C_LANGUAGE_STANDARD = gnu99;
				GCC_WARN_64_TO_32_BIT_CONVERSION = YES;
				GCC_WARN_ABOUT_RETURN_TYPE = YES_ERROR;
				GCC_WARN_UNDECLARED_SELECTOR = YES;
				GCC_WARN_UNINITIALIZED_AUTOS = YES;
				GCC_WARN_UNUSED_FUNCTION = YES;
				GCC_WARN_UNUSED_VARIABLE = YES;
				IPHONEOS_DEPLOYMENT_TARGET = 7.0;
				SDKROOT = iphoneos;
				VALIDATE_PRODUCT = YES;
			};
			name = Release;
		};
		1C2661E11854E98F001F982E /* Debug */ = {
			isa = XCBuildConfiguration;
			buildSettings = {
				ASSETCATALOG_COMPILER_APPICON_NAME = AppIcon;
				ASSETCATALOG_COMPILER_LAUNCHIMAGE_NAME = LaunchImage;
				GCC_PRECOMPILE_PREFIX_HEADER = YES;
				GCC_PREFIX_HEADER = "My Vocabularies/My Vocabularies-Prefix.pch";
				INFOPLIST_FILE = "My Vocabularies/My Vocabularies-Info.plist";
				PRODUCT_NAME = "$(TARGET_NAME)";
				WRAPPER_EXTENSION = app;
			};
			name = Debug;
		};
		1C2661E21854E98F001F982E /* Release */ = {
			isa = XCBuildConfiguration;
			buildSettings = {
				ASSETCATALOG_COMPILER_APPICON_NAME = AppIcon;
				ASSETCATALOG_COMPILER_LAUNCHIMAGE_NAME = LaunchImage;
				GCC_PRECOMPILE_PREFIX_HEADER = YES;
				GCC_PREFIX_HEADER = "My Vocabularies/My Vocabularies-Prefix.pch";
				INFOPLIST_FILE = "My Vocabularies/My Vocabularies-Info.plist";
				PRODUCT_NAME = "$(TARGET_NAME)";
				WRAPPER_EXTENSION = app;
			};
			name = Release;
		};
		1C2661E41854E98F001F982E /* Debug */ = {
			isa = XCBuildConfiguration;
			buildSettings = {
				ARCHS = "$(ARCHS_STANDARD_INCLUDING_64_BIT)";
				BUNDLE_LOADER = "$(BUILT_PRODUCTS_DIR)/My Vocabularies.app/My Vocabularies";
				FRAMEWORK_SEARCH_PATHS = (
					"$(SDKROOT)/Developer/Library/Frameworks",
					"$(inherited)",
					"$(DEVELOPER_FRAMEWORKS_DIR)",
				);
				GCC_PRECOMPILE_PREFIX_HEADER = YES;
				GCC_PREFIX_HEADER = "My Vocabularies/My Vocabularies-Prefix.pch";
				GCC_PREPROCESSOR_DEFINITIONS = (
					"DEBUG=1",
					"$(inherited)",
				);
				INFOPLIST_FILE = "My VocabulariesTests/My VocabulariesTests-Info.plist";
				PRODUCT_NAME = "$(TARGET_NAME)";
				TEST_HOST = "$(BUNDLE_LOADER)";
				WRAPPER_EXTENSION = xctest;
			};
			name = Debug;
		};
		1C2661E51854E98F001F982E /* Release */ = {
			isa = XCBuildConfiguration;
			buildSettings = {
				ARCHS = "$(ARCHS_STANDARD_INCLUDING_64_BIT)";
				BUNDLE_LOADER = "$(BUILT_PRODUCTS_DIR)/My Vocabularies.app/My Vocabularies";
				FRAMEWORK_SEARCH_PATHS = (
					"$(SDKROOT)/Developer/Library/Frameworks",
					"$(inherited)",
					"$(DEVELOPER_FRAMEWORKS_DIR)",
				);
				GCC_PRECOMPILE_PREFIX_HEADER = YES;
				GCC_PREFIX_HEADER = "My Vocabularies/My Vocabularies-Prefix.pch";
				INFOPLIST_FILE = "My VocabulariesTests/My VocabulariesTests-Info.plist";
				PRODUCT_NAME = "$(TARGET_NAME)";
				TEST_HOST = "$(BUNDLE_LOADER)";
				WRAPPER_EXTENSION = xctest;
			};
			name = Release;
		};
/* End XCBuildConfiguration section */

/* Begin XCConfigurationList section */
		1C2661A91854E98F001F982E /* Build configuration list for PBXProject "My Vocabularies" */ = {
			isa = XCConfigurationList;
			buildConfigurations = (
				1C2661DE1854E98F001F982E /* Debug */,
				1C2661DF1854E98F001F982E /* Release */,
			);
			defaultConfigurationIsVisible = 0;
			defaultConfigurationName = Release;
		};
		1C2661E01854E98F001F982E /* Build configuration list for PBXNativeTarget "My Vocabularies" */ = {
			isa = XCConfigurationList;
			buildConfigurations = (
				1C2661E11854E98F001F982E /* Debug */,
				1C2661E21854E98F001F982E /* Release */,
			);
			defaultConfigurationIsVisible = 0;
		};
		1C2661E31854E98F001F982E /* Build configuration list for PBXNativeTarget "My VocabulariesTests" */ = {
			isa = XCConfigurationList;
			buildConfigurations = (
				1C2661E41854E98F001F982E /* Debug */,
				1C2661E51854E98F001F982E /* Release */,
			);
			defaultConfigurationIsVisible = 0;
		};
/* End XCConfigurationList section */

/* Begin XCVersionGroup section */
		1C2661C51854E98F001F982E /* My_Vocabularies.xcdatamodeld */ = {
			isa = XCVersionGroup;
			children = (
				1C2661C61854E98F001F982E /* My_Vocabularies.xcdatamodel */,
			);
			currentVersion = 1C2661C61854E98F001F982E /* My_Vocabularies.xcdatamodel */;
			path = My_Vocabularies.xcdatamodeld;
			sourceTree = "<group>";
			versionGroupType = wrapper.xcdatamodel;
		};
/* End XCVersionGroup section */
	};
	rootObject = 1C2661A61854E98F001F982E /* Project object */;
}
